// !$*UTF8*$!
{
	archiveVersion = 1;
	classes = {
	};
	objectVersion = 55;
	objects = {

/* Begin PBXBuildFile section */
		5C055D6D271E40F6002236CA /* UsersRouter.swift in Sources */ = {isa = PBXBuildFile; fileRef = 5C055D6C271E40F6002236CA /* UsersRouter.swift */; };
		5C055D6E271E40F6002236CA /* UsersRouter.swift in Sources */ = {isa = PBXBuildFile; fileRef = 5C055D6C271E40F6002236CA /* UsersRouter.swift */; };
		5C055D70271E418D002236CA /* CreateUserRouter.swift in Sources */ = {isa = PBXBuildFile; fileRef = 5C055D6F271E418D002236CA /* CreateUserRouter.swift */; };
		5C055D71271E418E002236CA /* CreateUserRouter.swift in Sources */ = {isa = PBXBuildFile; fileRef = 5C055D6F271E418D002236CA /* CreateUserRouter.swift */; };
		5C34C6762719254A005F4E3A /* CreateUserViewModel.swift in Sources */ = {isa = PBXBuildFile; fileRef = 5C34C6752719254A005F4E3A /* CreateUserViewModel.swift */; };
		5C34C67827192559005F4E3A /* CreateUserView.swift in Sources */ = {isa = PBXBuildFile; fileRef = 5C34C67727192559005F4E3A /* CreateUserView.swift */; };
		5C34C67A27192569005F4E3A /* CreateUserRepository.swift in Sources */ = {isa = PBXBuildFile; fileRef = 5C34C67927192569005F4E3A /* CreateUserRepository.swift */; };
		5C34C67D271938E0005F4E3A /* DTextField.swift in Sources */ = {isa = PBXBuildFile; fileRef = 5C34C67C271938E0005F4E3A /* DTextField.swift */; };
		5C34C67F27193CF4005F4E3A /* ValidationState.swift in Sources */ = {isa = PBXBuildFile; fileRef = 5C34C67E27193CF4005F4E3A /* ValidationState.swift */; };
		5CB317BE27162F1900A8919B /* Tests_macOS.swift in Sources */ = {isa = PBXBuildFile; fileRef = 5CB317BD27162F1900A8919B /* Tests_macOS.swift */; };
		5CB317C027162F1900A8919B /* Tests_macOSLaunchTests.swift in Sources */ = {isa = PBXBuildFile; fileRef = 5CB317BF27162F1900A8919B /* Tests_macOSLaunchTests.swift */; };
		5CB317C127162F1900A8919B /* DemoApp.swift in Sources */ = {isa = PBXBuildFile; fileRef = 5CB3179927162F1700A8919B /* DemoApp.swift */; };
		5CB317C227162F1900A8919B /* DemoApp.swift in Sources */ = {isa = PBXBuildFile; fileRef = 5CB3179927162F1700A8919B /* DemoApp.swift */; };
		5CB317C527162F1900A8919B /* Assets.xcassets in Resources */ = {isa = PBXBuildFile; fileRef = 5CB3179B27162F1900A8919B /* Assets.xcassets */; };
		5CB317C627162F1900A8919B /* Assets.xcassets in Resources */ = {isa = PBXBuildFile; fileRef = 5CB3179B27162F1900A8919B /* Assets.xcassets */; };
		5CB317D62716302F00A8919B /* UsersRepository.swift in Sources */ = {isa = PBXBuildFile; fileRef = 5CB317D52716302F00A8919B /* UsersRepository.swift */; };
		5CB317D72716302F00A8919B /* UsersRepository.swift in Sources */ = {isa = PBXBuildFile; fileRef = 5CB317D52716302F00A8919B /* UsersRepository.swift */; };
		5CB317D92716306B00A8919B /* User.swift in Sources */ = {isa = PBXBuildFile; fileRef = 5CB317D82716306B00A8919B /* User.swift */; };
		5CB317DA2716306B00A8919B /* User.swift in Sources */ = {isa = PBXBuildFile; fileRef = 5CB317D82716306B00A8919B /* User.swift */; };
		5CB317DC271631C200A8919B /* UsersViewModel.swift in Sources */ = {isa = PBXBuildFile; fileRef = 5CB317DB271631C200A8919B /* UsersViewModel.swift */; };
		5CB317DD271631C200A8919B /* UsersViewModel.swift in Sources */ = {isa = PBXBuildFile; fileRef = 5CB317DB271631C200A8919B /* UsersViewModel.swift */; };
		5CB317E22716333C00A8919B /* UsersView.swift in Sources */ = {isa = PBXBuildFile; fileRef = 5CB317E12716333C00A8919B /* UsersView.swift */; };
		5CB317E32716333C00A8919B /* UsersView.swift in Sources */ = {isa = PBXBuildFile; fileRef = 5CB317E12716333C00A8919B /* UsersView.swift */; };
		5CB317E5271634CB00A8919B /* UserTests.swift in Sources */ = {isa = PBXBuildFile; fileRef = 5CB317E4271634CB00A8919B /* UserTests.swift */; };
		5CE15C932718D31400CB1D84 /* UserDetailViewModel.swift in Sources */ = {isa = PBXBuildFile; fileRef = 5CE15C922718D31400CB1D84 /* UserDetailViewModel.swift */; };
		5CE15C952718D34C00CB1D84 /* UserDetailView.swift in Sources */ = {isa = PBXBuildFile; fileRef = 5CE15C942718D34C00CB1D84 /* UserDetailView.swift */; };
		5CE15C972718D3B300CB1D84 /* UserDetailRepository.swift in Sources */ = {isa = PBXBuildFile; fileRef = 5CE15C962718D3B300CB1D84 /* UserDetailRepository.swift */; };
		5CE35801271E2EAE00FDE50A /* APIClient.swift in Sources */ = {isa = PBXBuildFile; fileRef = 5CE35800271E2EAE00FDE50A /* APIClient.swift */; };
		5CE35803271E334E00FDE50A /* HTTPMethod.swift in Sources */ = {isa = PBXBuildFile; fileRef = 5CE35802271E334E00FDE50A /* HTTPMethod.swift */; };
		5CE35805271E33C300FDE50A /* URLRequestConvertible.swift in Sources */ = {isa = PBXBuildFile; fileRef = 5CE35804271E33C300FDE50A /* URLRequestConvertible.swift */; };
		5CE35807271E350200FDE50A /* UserRequests.swift in Sources */ = {isa = PBXBuildFile; fileRef = 5CE35806271E350200FDE50A /* UserRequests.swift */; };
/* End PBXBuildFile section */

/* Begin PBXContainerItemProxy section */
		5CB317AE27162F1900A8919B /* PBXContainerItemProxy */ = {
			isa = PBXContainerItemProxy;
			containerPortal = 5CB3179427162F1700A8919B /* Project object */;
			proxyType = 1;
			remoteGlobalIDString = 5CB3179F27162F1900A8919B;
			remoteInfo = "Demo (iOS)";
		};
		5CB317BA27162F1900A8919B /* PBXContainerItemProxy */ = {
			isa = PBXContainerItemProxy;
			containerPortal = 5CB3179427162F1700A8919B /* Project object */;
			proxyType = 1;
			remoteGlobalIDString = 5CB317A527162F1900A8919B;
			remoteInfo = "Demo (macOS)";
		};
/* End PBXContainerItemProxy section */

/* Begin PBXFileReference section */
		5C055D6C271E40F6002236CA /* UsersRouter.swift */ = {isa = PBXFileReference; lastKnownFileType = sourcecode.swift; path = UsersRouter.swift; sourceTree = "<group>"; };
		5C055D6F271E418D002236CA /* CreateUserRouter.swift */ = {isa = PBXFileReference; lastKnownFileType = sourcecode.swift; path = CreateUserRouter.swift; sourceTree = "<group>"; };
		5C34C6752719254A005F4E3A /* CreateUserViewModel.swift */ = {isa = PBXFileReference; lastKnownFileType = sourcecode.swift; path = CreateUserViewModel.swift; sourceTree = "<group>"; };
		5C34C67727192559005F4E3A /* CreateUserView.swift */ = {isa = PBXFileReference; lastKnownFileType = sourcecode.swift; path = CreateUserView.swift; sourceTree = "<group>"; };
		5C34C67927192569005F4E3A /* CreateUserRepository.swift */ = {isa = PBXFileReference; lastKnownFileType = sourcecode.swift; path = CreateUserRepository.swift; sourceTree = "<group>"; };
		5C34C67C271938E0005F4E3A /* DTextField.swift */ = {isa = PBXFileReference; lastKnownFileType = sourcecode.swift; path = DTextField.swift; sourceTree = "<group>"; };
		5C34C67E27193CF4005F4E3A /* ValidationState.swift */ = {isa = PBXFileReference; lastKnownFileType = sourcecode.swift; path = ValidationState.swift; sourceTree = "<group>"; };
		5CB3179927162F1700A8919B /* DemoApp.swift */ = {isa = PBXFileReference; lastKnownFileType = sourcecode.swift; path = DemoApp.swift; sourceTree = "<group>"; };
		5CB3179B27162F1900A8919B /* Assets.xcassets */ = {isa = PBXFileReference; lastKnownFileType = folder.assetcatalog; path = Assets.xcassets; sourceTree = "<group>"; };
		5CB317A027162F1900A8919B /* Demo.app */ = {isa = PBXFileReference; explicitFileType = wrapper.application; includeInIndex = 0; path = Demo.app; sourceTree = BUILT_PRODUCTS_DIR; };
		5CB317A627162F1900A8919B /* Demo.app */ = {isa = PBXFileReference; explicitFileType = wrapper.application; includeInIndex = 0; path = Demo.app; sourceTree = BUILT_PRODUCTS_DIR; };
		5CB317A827162F1900A8919B /* macOS.entitlements */ = {isa = PBXFileReference; lastKnownFileType = text.plist.entitlements; path = macOS.entitlements; sourceTree = "<group>"; };
		5CB317AD27162F1900A8919B /* Tests iOS.xctest */ = {isa = PBXFileReference; explicitFileType = wrapper.cfbundle; includeInIndex = 0; path = "Tests iOS.xctest"; sourceTree = BUILT_PRODUCTS_DIR; };
		5CB317B927162F1900A8919B /* Tests macOS.xctest */ = {isa = PBXFileReference; explicitFileType = wrapper.cfbundle; includeInIndex = 0; path = "Tests macOS.xctest"; sourceTree = BUILT_PRODUCTS_DIR; };
		5CB317BD27162F1900A8919B /* Tests_macOS.swift */ = {isa = PBXFileReference; lastKnownFileType = sourcecode.swift; path = Tests_macOS.swift; sourceTree = "<group>"; };
		5CB317BF27162F1900A8919B /* Tests_macOSLaunchTests.swift */ = {isa = PBXFileReference; lastKnownFileType = sourcecode.swift; path = Tests_macOSLaunchTests.swift; sourceTree = "<group>"; };
		5CB317D52716302F00A8919B /* UsersRepository.swift */ = {isa = PBXFileReference; lastKnownFileType = sourcecode.swift; path = UsersRepository.swift; sourceTree = "<group>"; };
		5CB317D82716306B00A8919B /* User.swift */ = {isa = PBXFileReference; lastKnownFileType = sourcecode.swift; path = User.swift; sourceTree = "<group>"; };
		5CB317DB271631C200A8919B /* UsersViewModel.swift */ = {isa = PBXFileReference; lastKnownFileType = sourcecode.swift; path = UsersViewModel.swift; sourceTree = "<group>"; };
		5CB317E12716333C00A8919B /* UsersView.swift */ = {isa = PBXFileReference; lastKnownFileType = sourcecode.swift; path = UsersView.swift; sourceTree = "<group>"; };
		5CB317E4271634CB00A8919B /* UserTests.swift */ = {isa = PBXFileReference; lastKnownFileType = sourcecode.swift; path = UserTests.swift; sourceTree = "<group>"; };
		5CE15C922718D31400CB1D84 /* UserDetailViewModel.swift */ = {isa = PBXFileReference; lastKnownFileType = sourcecode.swift; path = UserDetailViewModel.swift; sourceTree = "<group>"; };
		5CE15C942718D34C00CB1D84 /* UserDetailView.swift */ = {isa = PBXFileReference; lastKnownFileType = sourcecode.swift; path = UserDetailView.swift; sourceTree = "<group>"; };
		5CE15C962718D3B300CB1D84 /* UserDetailRepository.swift */ = {isa = PBXFileReference; lastKnownFileType = sourcecode.swift; path = UserDetailRepository.swift; sourceTree = "<group>"; };
		5CE35800271E2EAE00FDE50A /* APIClient.swift */ = {isa = PBXFileReference; lastKnownFileType = sourcecode.swift; path = APIClient.swift; sourceTree = "<group>"; };
		5CE35802271E334E00FDE50A /* HTTPMethod.swift */ = {isa = PBXFileReference; lastKnownFileType = sourcecode.swift; path = HTTPMethod.swift; sourceTree = "<group>"; };
		5CE35804271E33C300FDE50A /* URLRequestConvertible.swift */ = {isa = PBXFileReference; lastKnownFileType = sourcecode.swift; path = URLRequestConvertible.swift; sourceTree = "<group>"; };
		5CE35806271E350200FDE50A /* UserRequests.swift */ = {isa = PBXFileReference; lastKnownFileType = sourcecode.swift; path = UserRequests.swift; sourceTree = "<group>"; };
/* End PBXFileReference section */

/* Begin PBXFrameworksBuildPhase section */
		5CB3179D27162F1900A8919B /* Frameworks */ = {
			isa = PBXFrameworksBuildPhase;
			buildActionMask = 2147483647;
			files = (
			);
			runOnlyForDeploymentPostprocessing = 0;
		};
		5CB317A327162F1900A8919B /* Frameworks */ = {
			isa = PBXFrameworksBuildPhase;
			buildActionMask = 2147483647;
			files = (
			);
			runOnlyForDeploymentPostprocessing = 0;
		};
		5CB317AA27162F1900A8919B /* Frameworks */ = {
			isa = PBXFrameworksBuildPhase;
			buildActionMask = 2147483647;
			files = (
			);
			runOnlyForDeploymentPostprocessing = 0;
		};
		5CB317B627162F1900A8919B /* Frameworks */ = {
			isa = PBXFrameworksBuildPhase;
			buildActionMask = 2147483647;
			files = (
			);
			runOnlyForDeploymentPostprocessing = 0;
		};
/* End PBXFrameworksBuildPhase section */

/* Begin PBXGroup section */
		5C34C67427192522005F4E3A /* CreateUser */ = {
			isa = PBXGroup;
			children = (
				5C34C6752719254A005F4E3A /* CreateUserViewModel.swift */,
				5C34C67727192559005F4E3A /* CreateUserView.swift */,
				5C34C67927192569005F4E3A /* CreateUserRepository.swift */,
				5C055D6F271E418D002236CA /* CreateUserRouter.swift */,
			);
			path = CreateUser;
			sourceTree = "<group>";
		};
		5C34C67B27193823005F4E3A /* Common */ = {
			isa = PBXGroup;
			children = (
				5C34C67C271938E0005F4E3A /* DTextField.swift */,
				5C34C67E27193CF4005F4E3A /* ValidationState.swift */,
			);
			path = Common;
			sourceTree = "<group>";
		};
		5CB3179327162F1700A8919B = {
			isa = PBXGroup;
			children = (
				5CB3179827162F1700A8919B /* Shared */,
				5CB317A727162F1900A8919B /* macOS */,
				5CB317B027162F1900A8919B /* Tests iOS */,
				5CB317BC27162F1900A8919B /* Tests macOS */,
				5CB317A127162F1900A8919B /* Products */,
			);
			sourceTree = "<group>";
		};
		5CB3179827162F1700A8919B /* Shared */ = {
			isa = PBXGroup;
			children = (
				5CE357FF271E2E8B00FDE50A /* Networking */,
				5C34C67B27193823005F4E3A /* Common */,
				5C34C67427192522005F4E3A /* CreateUser */,
				5CE15C912718D1AC00CB1D84 /* Users */,
				5CE15C902718D1A500CB1D84 /* UserDetail */,
				5CB3179B27162F1900A8919B /* Assets.xcassets */,
				5CB3179927162F1700A8919B /* DemoApp.swift */,
				5CB317D82716306B00A8919B /* User.swift */,
			);
			path = Shared;
			sourceTree = "<group>";
		};
		5CB317A127162F1900A8919B /* Products */ = {
			isa = PBXGroup;
			children = (
				5CB317A027162F1900A8919B /* Demo.app */,
				5CB317A627162F1900A8919B /* Demo.app */,
				5CB317AD27162F1900A8919B /* Tests iOS.xctest */,
				5CB317B927162F1900A8919B /* Tests macOS.xctest */,
			);
			name = Products;
			sourceTree = "<group>";
		};
		5CB317A727162F1900A8919B /* macOS */ = {
			isa = PBXGroup;
			children = (
				5CB317A827162F1900A8919B /* macOS.entitlements */,
			);
			path = macOS;
			sourceTree = "<group>";
		};
		5CB317B027162F1900A8919B /* Tests iOS */ = {
			isa = PBXGroup;
			children = (
				5CB317E4271634CB00A8919B /* UserTests.swift */,
			);
			path = "Tests iOS";
			sourceTree = "<group>";
		};
		5CB317BC27162F1900A8919B /* Tests macOS */ = {
			isa = PBXGroup;
			children = (
				5CB317BD27162F1900A8919B /* Tests_macOS.swift */,
				5CB317BF27162F1900A8919B /* Tests_macOSLaunchTests.swift */,
			);
			path = "Tests macOS";
			sourceTree = "<group>";
		};
		5CE15C902718D1A500CB1D84 /* UserDetail */ = {
			isa = PBXGroup;
			children = (
				5CE15C962718D3B300CB1D84 /* UserDetailRepository.swift */,
				5CE15C922718D31400CB1D84 /* UserDetailViewModel.swift */,
				5CE15C942718D34C00CB1D84 /* UserDetailView.swift */,
			);
			path = UserDetail;
			sourceTree = "<group>";
		};
		5CE15C912718D1AC00CB1D84 /* Users */ = {
			isa = PBXGroup;
			children = (
				5CB317D52716302F00A8919B /* UsersRepository.swift */,
				5CB317DB271631C200A8919B /* UsersViewModel.swift */,
				5CB317E12716333C00A8919B /* UsersView.swift */,
				5C055D6C271E40F6002236CA /* UsersRouter.swift */,
			);
			path = Users;
			sourceTree = "<group>";
		};
		5CE357FF271E2E8B00FDE50A /* Networking */ = {
			isa = PBXGroup;
			children = (
				5CE35800271E2EAE00FDE50A /* APIClient.swift */,
				5CE35802271E334E00FDE50A /* HTTPMethod.swift */,
				5CE35804271E33C300FDE50A /* URLRequestConvertible.swift */,
				5CE35806271E350200FDE50A /* UserRequests.swift */,
			);
			path = Networking;
			sourceTree = "<group>";
		};
/* End PBXGroup section */

/* Begin PBXNativeTarget section */
		5CB3179F27162F1900A8919B /* Demo (iOS) */ = {
			isa = PBXNativeTarget;
			buildConfigurationList = 5CB317C927162F1900A8919B /* Build configuration list for PBXNativeTarget "Demo (iOS)" */;
			buildPhases = (
				5CB3179C27162F1900A8919B /* Sources */,
				5CB3179D27162F1900A8919B /* Frameworks */,
				5CB3179E27162F1900A8919B /* Resources */,
			);
			buildRules = (
			);
			dependencies = (
			);
			name = "Demo (iOS)";
			productName = "Demo (iOS)";
			productReference = 5CB317A027162F1900A8919B /* Demo.app */;
			productType = "com.apple.product-type.application";
		};
		5CB317A527162F1900A8919B /* Demo (macOS) */ = {
			isa = PBXNativeTarget;
			buildConfigurationList = 5CB317CC27162F1900A8919B /* Build configuration list for PBXNativeTarget "Demo (macOS)" */;
			buildPhases = (
				5CB317A227162F1900A8919B /* Sources */,
				5CB317A327162F1900A8919B /* Frameworks */,
				5CB317A427162F1900A8919B /* Resources */,
			);
			buildRules = (
			);
			dependencies = (
			);
			name = "Demo (macOS)";
			productName = "Demo (macOS)";
			productReference = 5CB317A627162F1900A8919B /* Demo.app */;
			productType = "com.apple.product-type.application";
		};
		5CB317AC27162F1900A8919B /* Tests iOS */ = {
			isa = PBXNativeTarget;
			buildConfigurationList = 5CB317CF27162F1900A8919B /* Build configuration list for PBXNativeTarget "Tests iOS" */;
			buildPhases = (
				5CB317A927162F1900A8919B /* Sources */,
				5CB317AA27162F1900A8919B /* Frameworks */,
				5CB317AB27162F1900A8919B /* Resources */,
			);
			buildRules = (
			);
			dependencies = (
				5CB317AF27162F1900A8919B /* PBXTargetDependency */,
			);
			name = "Tests iOS";
			productName = "Tests iOS";
			productReference = 5CB317AD27162F1900A8919B /* Tests iOS.xctest */;
			productType = "com.apple.product-type.bundle.ui-testing";
		};
		5CB317B827162F1900A8919B /* Tests macOS */ = {
			isa = PBXNativeTarget;
			buildConfigurationList = 5CB317D227162F1900A8919B /* Build configuration list for PBXNativeTarget "Tests macOS" */;
			buildPhases = (
				5CB317B527162F1900A8919B /* Sources */,
				5CB317B627162F1900A8919B /* Frameworks */,
				5CB317B727162F1900A8919B /* Resources */,
			);
			buildRules = (
			);
			dependencies = (
				5CB317BB27162F1900A8919B /* PBXTargetDependency */,
			);
			name = "Tests macOS";
			productName = "Tests macOS";
			productReference = 5CB317B927162F1900A8919B /* Tests macOS.xctest */;
			productType = "com.apple.product-type.bundle.ui-testing";
		};
/* End PBXNativeTarget section */

/* Begin PBXProject section */
		5CB3179427162F1700A8919B /* Project object */ = {
			isa = PBXProject;
			attributes = {
				BuildIndependentTargetsInParallel = 1;
				LastSwiftUpdateCheck = 1300;
				LastUpgradeCheck = 1300;
				TargetAttributes = {
					5CB3179F27162F1900A8919B = {
						CreatedOnToolsVersion = 13.0;
					};
					5CB317A527162F1900A8919B = {
						CreatedOnToolsVersion = 13.0;
					};
					5CB317AC27162F1900A8919B = {
						CreatedOnToolsVersion = 13.0;
						TestTargetID = 5CB3179F27162F1900A8919B;
					};
					5CB317B827162F1900A8919B = {
						CreatedOnToolsVersion = 13.0;
						TestTargetID = 5CB317A527162F1900A8919B;
					};
				};
			};
			buildConfigurationList = 5CB3179727162F1700A8919B /* Build configuration list for PBXProject "Demo" */;
			compatibilityVersion = "Xcode 13.0";
			developmentRegion = en;
			hasScannedForEncodings = 0;
			knownRegions = (
				en,
				Base,
			);
			mainGroup = 5CB3179327162F1700A8919B;
			productRefGroup = 5CB317A127162F1900A8919B /* Products */;
			projectDirPath = "";
			projectRoot = "";
			targets = (
				5CB3179F27162F1900A8919B /* Demo (iOS) */,
				5CB317A527162F1900A8919B /* Demo (macOS) */,
				5CB317AC27162F1900A8919B /* Tests iOS */,
				5CB317B827162F1900A8919B /* Tests macOS */,
			);
		};
/* End PBXProject section */

/* Begin PBXResourcesBuildPhase section */
		5CB3179E27162F1900A8919B /* Resources */ = {
			isa = PBXResourcesBuildPhase;
			buildActionMask = 2147483647;
			files = (
				5CB317C527162F1900A8919B /* Assets.xcassets in Resources */,
			);
			runOnlyForDeploymentPostprocessing = 0;
		};
		5CB317A427162F1900A8919B /* Resources */ = {
			isa = PBXResourcesBuildPhase;
			buildActionMask = 2147483647;
			files = (
				5CB317C627162F1900A8919B /* Assets.xcassets in Resources */,
			);
			runOnlyForDeploymentPostprocessing = 0;
		};
		5CB317AB27162F1900A8919B /* Resources */ = {
			isa = PBXResourcesBuildPhase;
			buildActionMask = 2147483647;
			files = (
			);
			runOnlyForDeploymentPostprocessing = 0;
		};
		5CB317B727162F1900A8919B /* Resources */ = {
			isa = PBXResourcesBuildPhase;
			buildActionMask = 2147483647;
			files = (
			);
			runOnlyForDeploymentPostprocessing = 0;
		};
/* End PBXResourcesBuildPhase section */

/* Begin PBXSourcesBuildPhase section */
		5CB3179C27162F1900A8919B /* Sources */ = {
			isa = PBXSourcesBuildPhase;
			buildActionMask = 2147483647;
			files = (
				5C34C67D271938E0005F4E3A /* DTextField.swift in Sources */,
				5C055D70271E418D002236CA /* CreateUserRouter.swift in Sources */,
				5CB317D92716306B00A8919B /* User.swift in Sources */,
				5C34C67827192559005F4E3A /* CreateUserView.swift in Sources */,
				5CE35807271E350200FDE50A /* UserRequests.swift in Sources */,
				5CB317E22716333C00A8919B /* UsersView.swift in Sources */,
				5C34C6762719254A005F4E3A /* CreateUserViewModel.swift in Sources */,
				5CB317C127162F1900A8919B /* DemoApp.swift in Sources */,
				5CB317DC271631C200A8919B /* UsersViewModel.swift in Sources */,
				5CE35801271E2EAE00FDE50A /* APIClient.swift in Sources */,
				5CE35803271E334E00FDE50A /* HTTPMethod.swift in Sources */,
				5CE15C952718D34C00CB1D84 /* UserDetailView.swift in Sources */,
				5CE15C932718D31400CB1D84 /* UserDetailViewModel.swift in Sources */,
				5CB317D62716302F00A8919B /* UsersRepository.swift in Sources */,
				5C055D6D271E40F6002236CA /* UsersRouter.swift in Sources */,
				5C34C67A27192569005F4E3A /* CreateUserRepository.swift in Sources */,
				5C34C67F27193CF4005F4E3A /* ValidationState.swift in Sources */,
				5CE15C972718D3B300CB1D84 /* UserDetailRepository.swift in Sources */,
				5CE35805271E33C300FDE50A /* URLRequestConvertible.swift in Sources */,
			);
			runOnlyForDeploymentPostprocessing = 0;
		};
		5CB317A227162F1900A8919B /* Sources */ = {
			isa = PBXSourcesBuildPhase;
			buildActionMask = 2147483647;
			files = (
				5CB317DA2716306B00A8919B /* User.swift in Sources */,
				5C055D6E271E40F6002236CA /* UsersRouter.swift in Sources */,
				5CB317E32716333C00A8919B /* UsersView.swift in Sources */,
				5CB317C227162F1900A8919B /* DemoApp.swift in Sources */,
				5CB317DD271631C200A8919B /* UsersViewModel.swift in Sources */,
				5C055D71271E418E002236CA /* CreateUserRouter.swift in Sources */,
				5CB317D72716302F00A8919B /* UsersRepository.swift in Sources */,
			);
			runOnlyForDeploymentPostprocessing = 0;
		};
		5CB317A927162F1900A8919B /* Sources */ = {
			isa = PBXSourcesBuildPhase;
			buildActionMask = 2147483647;
			files = (
				5CB317E5271634CB00A8919B /* UserTests.swift in Sources */,
			);
			runOnlyForDeploymentPostprocessing = 0;
		};
		5CB317B527162F1900A8919B /* Sources */ = {
			isa = PBXSourcesBuildPhase;
			buildActionMask = 2147483647;
			files = (
				5CB317C027162F1900A8919B /* Tests_macOSLaunchTests.swift in Sources */,
				5CB317BE27162F1900A8919B /* Tests_macOS.swift in Sources */,
			);
			runOnlyForDeploymentPostprocessing = 0;
		};
/* End PBXSourcesBuildPhase section */

/* Begin PBXTargetDependency section */
		5CB317AF27162F1900A8919B /* PBXTargetDependency */ = {
			isa = PBXTargetDependency;
			target = 5CB3179F27162F1900A8919B /* Demo (iOS) */;
			targetProxy = 5CB317AE27162F1900A8919B /* PBXContainerItemProxy */;
		};
		5CB317BB27162F1900A8919B /* PBXTargetDependency */ = {
			isa = PBXTargetDependency;
			target = 5CB317A527162F1900A8919B /* Demo (macOS) */;
			targetProxy = 5CB317BA27162F1900A8919B /* PBXContainerItemProxy */;
		};
/* End PBXTargetDependency section */

/* Begin XCBuildConfiguration section */
		5CB317C727162F1900A8919B /* Debug */ = {
			isa = XCBuildConfiguration;
			buildSettings = {
				ALWAYS_SEARCH_USER_PATHS = NO;
				CLANG_ANALYZER_NONNULL = YES;
				CLANG_ANALYZER_NUMBER_OBJECT_CONVERSION = YES_AGGRESSIVE;
				CLANG_CXX_LANGUAGE_STANDARD = "gnu++17";
				CLANG_CXX_LIBRARY = "libc++";
				CLANG_ENABLE_MODULES = YES;
				CLANG_ENABLE_OBJC_ARC = YES;
				CLANG_ENABLE_OBJC_WEAK = YES;
				CLANG_WARN_BLOCK_CAPTURE_AUTORELEASING = YES;
				CLANG_WARN_BOOL_CONVERSION = YES;
				CLANG_WARN_COMMA = YES;
				CLANG_WARN_CONSTANT_CONVERSION = YES;
				CLANG_WARN_DEPRECATED_OBJC_IMPLEMENTATIONS = YES;
				CLANG_WARN_DIRECT_OBJC_ISA_USAGE = YES_ERROR;
				CLANG_WARN_DOCUMENTATION_COMMENTS = YES;
				CLANG_WARN_EMPTY_BODY = YES;
				CLANG_WARN_ENUM_CONVERSION = YES;
				CLANG_WARN_INFINITE_RECURSION = YES;
				CLANG_WARN_INT_CONVERSION = YES;
				CLANG_WARN_NON_LITERAL_NULL_CONVERSION = YES;
				CLANG_WARN_OBJC_IMPLICIT_RETAIN_SELF = YES;
				CLANG_WARN_OBJC_LITERAL_CONVERSION = YES;
				CLANG_WARN_OBJC_ROOT_CLASS = YES_ERROR;
				CLANG_WARN_QUOTED_INCLUDE_IN_FRAMEWORK_HEADER = YES;
				CLANG_WARN_RANGE_LOOP_ANALYSIS = YES;
				CLANG_WARN_STRICT_PROTOTYPES = YES;
				CLANG_WARN_SUSPICIOUS_MOVE = YES;
				CLANG_WARN_UNGUARDED_AVAILABILITY = YES_AGGRESSIVE;
				CLANG_WARN_UNREACHABLE_CODE = YES;
				CLANG_WARN__DUPLICATE_METHOD_MATCH = YES;
				COPY_PHASE_STRIP = NO;
				DEBUG_INFORMATION_FORMAT = dwarf;
				ENABLE_STRICT_OBJC_MSGSEND = YES;
				ENABLE_TESTABILITY = YES;
				GCC_C_LANGUAGE_STANDARD = gnu11;
				GCC_DYNAMIC_NO_PIC = NO;
				GCC_NO_COMMON_BLOCKS = YES;
				GCC_OPTIMIZATION_LEVEL = 0;
				GCC_PREPROCESSOR_DEFINITIONS = (
					"DEBUG=1",
					"$(inherited)",
				);
				GCC_WARN_64_TO_32_BIT_CONVERSION = YES;
				GCC_WARN_ABOUT_RETURN_TYPE = YES_ERROR;
				GCC_WARN_UNDECLARED_SELECTOR = YES;
				GCC_WARN_UNINITIALIZED_AUTOS = YES_AGGRESSIVE;
				GCC_WARN_UNUSED_FUNCTION = YES;
				GCC_WARN_UNUSED_VARIABLE = YES;
				MTL_ENABLE_DEBUG_INFO = INCLUDE_SOURCE;
				MTL_FAST_MATH = YES;
				ONLY_ACTIVE_ARCH = YES;
				SWIFT_ACTIVE_COMPILATION_CONDITIONS = DEBUG;
				SWIFT_OPTIMIZATION_LEVEL = "-Onone";
			};
			name = Debug;
		};
		5CB317C827162F1900A8919B /* Release */ = {
			isa = XCBuildConfiguration;
			buildSettings = {
				ALWAYS_SEARCH_USER_PATHS = NO;
				CLANG_ANALYZER_NONNULL = YES;
				CLANG_ANALYZER_NUMBER_OBJECT_CONVERSION = YES_AGGRESSIVE;
				CLANG_CXX_LANGUAGE_STANDARD = "gnu++17";
				CLANG_CXX_LIBRARY = "libc++";
				CLANG_ENABLE_MODULES = YES;
				CLANG_ENABLE_OBJC_ARC = YES;
				CLANG_ENABLE_OBJC_WEAK = YES;
				CLANG_WARN_BLOCK_CAPTURE_AUTORELEASING = YES;
				CLANG_WARN_BOOL_CONVERSION = YES;
				CLANG_WARN_COMMA = YES;
				CLANG_WARN_CONSTANT_CONVERSION = YES;
				CLANG_WARN_DEPRECATED_OBJC_IMPLEMENTATIONS = YES;
				CLANG_WARN_DIRECT_OBJC_ISA_USAGE = YES_ERROR;
				CLANG_WARN_DOCUMENTATION_COMMENTS = YES;
				CLANG_WARN_EMPTY_BODY = YES;
				CLANG_WARN_ENUM_CONVERSION = YES;
				CLANG_WARN_INFINITE_RECURSION = YES;
				CLANG_WARN_INT_CONVERSION = YES;
				CLANG_WARN_NON_LITERAL_NULL_CONVERSION = YES;
				CLANG_WARN_OBJC_IMPLICIT_RETAIN_SELF = YES;
				CLANG_WARN_OBJC_LITERAL_CONVERSION = YES;
				CLANG_WARN_OBJC_ROOT_CLASS = YES_ERROR;
				CLANG_WARN_QUOTED_INCLUDE_IN_FRAMEWORK_HEADER = YES;
				CLANG_WARN_RANGE_LOOP_ANALYSIS = YES;
				CLANG_WARN_STRICT_PROTOTYPES = YES;
				CLANG_WARN_SUSPICIOUS_MOVE = YES;
				CLANG_WARN_UNGUARDED_AVAILABILITY = YES_AGGRESSIVE;
				CLANG_WARN_UNREACHABLE_CODE = YES;
				CLANG_WARN__DUPLICATE_METHOD_MATCH = YES;
				COPY_PHASE_STRIP = NO;
				DEBUG_INFORMATION_FORMAT = "dwarf-with-dsym";
				ENABLE_NS_ASSERTIONS = NO;
				ENABLE_STRICT_OBJC_MSGSEND = YES;
				GCC_C_LANGUAGE_STANDARD = gnu11;
				GCC_NO_COMMON_BLOCKS = YES;
				GCC_WARN_64_TO_32_BIT_CONVERSION = YES;
				GCC_WARN_ABOUT_RETURN_TYPE = YES_ERROR;
				GCC_WARN_UNDECLARED_SELECTOR = YES;
				GCC_WARN_UNINITIALIZED_AUTOS = YES_AGGRESSIVE;
				GCC_WARN_UNUSED_FUNCTION = YES;
				GCC_WARN_UNUSED_VARIABLE = YES;
				MTL_ENABLE_DEBUG_INFO = NO;
				MTL_FAST_MATH = YES;
				SWIFT_COMPILATION_MODE = wholemodule;
				SWIFT_OPTIMIZATION_LEVEL = "-O";
			};
			name = Release;
		};
		5CB317CA27162F1900A8919B /* Debug */ = {
			isa = XCBuildConfiguration;
			buildSettings = {
				ASSETCATALOG_COMPILER_APPICON_NAME = AppIcon;
				ASSETCATALOG_COMPILER_GLOBAL_ACCENT_COLOR_NAME = AccentColor;
				CODE_SIGN_STYLE = Automatic;
				CURRENT_PROJECT_VERSION = 1;
				DEVELOPMENT_TEAM = U3KMSU85DG;
				ENABLE_PREVIEWS = YES;
				GENERATE_INFOPLIST_FILE = YES;
				INFOPLIST_KEY_UIApplicationSceneManifest_Generation = YES;
				INFOPLIST_KEY_UIApplicationSupportsIndirectInputEvents = YES;
				INFOPLIST_KEY_UILaunchScreen_Generation = YES;
				INFOPLIST_KEY_UISupportedInterfaceOrientations_iPad = "UIInterfaceOrientationPortrait UIInterfaceOrientationPortraitUpsideDown UIInterfaceOrientationLandscapeLeft UIInterfaceOrientationLandscapeRight";
				INFOPLIST_KEY_UISupportedInterfaceOrientations_iPhone = "UIInterfaceOrientationPortrait UIInterfaceOrientationLandscapeLeft UIInterfaceOrientationLandscapeRight";
				IPHONEOS_DEPLOYMENT_TARGET = 14.0;
				LD_RUNPATH_SEARCH_PATHS = (
					"$(inherited)",
					"@executable_path/Frameworks",
				);
				MARKETING_VERSION = 1.0;
				PRODUCT_BUNDLE_IDENTIFIER = d.Demo;
				PRODUCT_NAME = Demo;
				SDKROOT = iphoneos;
				SWIFT_EMIT_LOC_STRINGS = YES;
				SWIFT_VERSION = 5.0;
				TARGETED_DEVICE_FAMILY = "1,2";
			};
			name = Debug;
		};
		5CB317CB27162F1900A8919B /* Release */ = {
			isa = XCBuildConfiguration;
			buildSettings = {
				ASSETCATALOG_COMPILER_APPICON_NAME = AppIcon;
				ASSETCATALOG_COMPILER_GLOBAL_ACCENT_COLOR_NAME = AccentColor;
				CODE_SIGN_STYLE = Automatic;
				CURRENT_PROJECT_VERSION = 1;
				DEVELOPMENT_TEAM = U3KMSU85DG;
				ENABLE_PREVIEWS = YES;
				GENERATE_INFOPLIST_FILE = YES;
				INFOPLIST_KEY_UIApplicationSceneManifest_Generation = YES;
				INFOPLIST_KEY_UIApplicationSupportsIndirectInputEvents = YES;
				INFOPLIST_KEY_UILaunchScreen_Generation = YES;
				INFOPLIST_KEY_UISupportedInterfaceOrientations_iPad = "UIInterfaceOrientationPortrait UIInterfaceOrientationPortraitUpsideDown UIInterfaceOrientationLandscapeLeft UIInterfaceOrientationLandscapeRight";
				INFOPLIST_KEY_UISupportedInterfaceOrientations_iPhone = "UIInterfaceOrientationPortrait UIInterfaceOrientationLandscapeLeft UIInterfaceOrientationLandscapeRight";
				IPHONEOS_DEPLOYMENT_TARGET = 14.0;
				LD_RUNPATH_SEARCH_PATHS = (
					"$(inherited)",
					"@executable_path/Frameworks",
				);
				MARKETING_VERSION = 1.0;
				PRODUCT_BUNDLE_IDENTIFIER = d.Demo;
				PRODUCT_NAME = Demo;
				SDKROOT = iphoneos;
				SWIFT_EMIT_LOC_STRINGS = YES;
				SWIFT_VERSION = 5.0;
				TARGETED_DEVICE_FAMILY = "1,2";
				VALIDATE_PRODUCT = YES;
			};
			name = Release;
		};
		5CB317CD27162F1900A8919B /* Debug */ = {
			isa = XCBuildConfiguration;
			buildSettings = {
				ASSETCATALOG_COMPILER_APPICON_NAME = AppIcon;
				ASSETCATALOG_COMPILER_GLOBAL_ACCENT_COLOR_NAME = AccentColor;
				CODE_SIGN_ENTITLEMENTS = macOS/macOS.entitlements;
				CODE_SIGN_STYLE = Automatic;
				COMBINE_HIDPI_IMAGES = YES;
				CURRENT_PROJECT_VERSION = 1;
				DEVELOPMENT_TEAM = U3KMSU85DG;
				ENABLE_HARDENED_RUNTIME = YES;
				ENABLE_PREVIEWS = YES;
				GENERATE_INFOPLIST_FILE = YES;
				INFOPLIST_KEY_NSHumanReadableCopyright = "";
				LD_RUNPATH_SEARCH_PATHS = (
					"$(inherited)",
					"@executable_path/../Frameworks",
				);
				MACOSX_DEPLOYMENT_TARGET = 11.0;
				MARKETING_VERSION = 1.0;
				PRODUCT_BUNDLE_IDENTIFIER = d.Demo;
				PRODUCT_NAME = Demo;
				SDKROOT = macosx;
				SWIFT_EMIT_LOC_STRINGS = YES;
				SWIFT_VERSION = 5.0;
			};
			name = Debug;
		};
		5CB317CE27162F1900A8919B /* Release */ = {
			isa = XCBuildConfiguration;
			buildSettings = {
				ASSETCATALOG_COMPILER_APPICON_NAME = AppIcon;
				ASSETCATALOG_COMPILER_GLOBAL_ACCENT_COLOR_NAME = AccentColor;
				CODE_SIGN_ENTITLEMENTS = macOS/macOS.entitlements;
				CODE_SIGN_STYLE = Automatic;
				COMBINE_HIDPI_IMAGES = YES;
				CURRENT_PROJECT_VERSION = 1;
				DEVELOPMENT_TEAM = U3KMSU85DG;
				ENABLE_HARDENED_RUNTIME = YES;
				ENABLE_PREVIEWS = YES;
				GENERATE_INFOPLIST_FILE = YES;
				INFOPLIST_KEY_NSHumanReadableCopyright = "";
				LD_RUNPATH_SEARCH_PATHS = (
					"$(inherited)",
					"@executable_path/../Frameworks",
				);
				MACOSX_DEPLOYMENT_TARGET = 11.0;
				MARKETING_VERSION = 1.0;
				PRODUCT_BUNDLE_IDENTIFIER = d.Demo;
				PRODUCT_NAME = Demo;
				SDKROOT = macosx;
				SWIFT_EMIT_LOC_STRINGS = YES;
				SWIFT_VERSION = 5.0;
			};
			name = Release;
		};
		5CB317D027162F1900A8919B /* Debug */ = {
			isa = XCBuildConfiguration;
			buildSettings = {
				ALWAYS_EMBED_SWIFT_STANDARD_LIBRARIES = YES;
				CODE_SIGN_STYLE = Automatic;
				CURRENT_PROJECT_VERSION = 1;
				DEVELOPMENT_TEAM = U3KMSU85DG;
				GENERATE_INFOPLIST_FILE = YES;
				IPHONEOS_DEPLOYMENT_TARGET = 15.0;
				LD_RUNPATH_SEARCH_PATHS = (
					"$(inherited)",
					"@executable_path/Frameworks",
					"@loader_path/Frameworks",
				);
				MARKETING_VERSION = 1.0;
				PRODUCT_BUNDLE_IDENTIFIER = "d.Tests-iOS";
				PRODUCT_NAME = "$(TARGET_NAME)";
				SDKROOT = iphoneos;
				SWIFT_EMIT_LOC_STRINGS = NO;
				SWIFT_VERSION = 5.0;
				TARGETED_DEVICE_FAMILY = "1,2";
				TEST_TARGET_NAME = "Demo (iOS)";
			};
			name = Debug;
		};
		5CB317D127162F1900A8919B /* Release */ = {
			isa = XCBuildConfiguration;
			buildSettings = {
				ALWAYS_EMBED_SWIFT_STANDARD_LIBRARIES = YES;
				CODE_SIGN_STYLE = Automatic;
				CURRENT_PROJECT_VERSION = 1;
				DEVELOPMENT_TEAM = U3KMSU85DG;
				GENERATE_INFOPLIST_FILE = YES;
				IPHONEOS_DEPLOYMENT_TARGET = 15.0;
				LD_RUNPATH_SEARCH_PATHS = (
					"$(inherited)",
					"@executable_path/Frameworks",
					"@loader_path/Frameworks",
				);
				MARKETING_VERSION = 1.0;
				PRODUCT_BUNDLE_IDENTIFIER = "d.Tests-iOS";
				PRODUCT_NAME = "$(TARGET_NAME)";
				SDKROOT = iphoneos;
				SWIFT_EMIT_LOC_STRINGS = NO;
				SWIFT_VERSION = 5.0;
				TARGETED_DEVICE_FAMILY = "1,2";
				TEST_TARGET_NAME = "Demo (iOS)";
				VALIDATE_PRODUCT = YES;
			};
			name = Release;
		};
		5CB317D327162F1900A8919B /* Debug */ = {
			isa = XCBuildConfiguration;
			buildSettings = {
				ALWAYS_EMBED_SWIFT_STANDARD_LIBRARIES = YES;
				CODE_SIGN_STYLE = Automatic;
				COMBINE_HIDPI_IMAGES = YES;
				CURRENT_PROJECT_VERSION = 1;
				DEVELOPMENT_TEAM = U3KMSU85DG;
				GENERATE_INFOPLIST_FILE = YES;
				LD_RUNPATH_SEARCH_PATHS = (
					"$(inherited)",
					"@executable_path/../Frameworks",
					"@loader_path/../Frameworks",
				);
				MACOSX_DEPLOYMENT_TARGET = 11.3;
				MARKETING_VERSION = 1.0;
				PRODUCT_BUNDLE_IDENTIFIER = "d.Tests-macOS";
				PRODUCT_NAME = "$(TARGET_NAME)";
				SDKROOT = macosx;
				SWIFT_EMIT_LOC_STRINGS = NO;
				SWIFT_VERSION = 5.0;
				TEST_TARGET_NAME = "Demo (macOS)";
			};
			name = Debug;
		};
		5CB317D427162F1900A8919B /* Release */ = {
			isa = XCBuildConfiguration;
			buildSettings = {
				ALWAYS_EMBED_SWIFT_STANDARD_LIBRARIES = YES;
				CODE_SIGN_STYLE = Automatic;
				COMBINE_HIDPI_IMAGES = YES;
				CURRENT_PROJECT_VERSION = 1;
				DEVELOPMENT_TEAM = U3KMSU85DG;
				GENERATE_INFOPLIST_FILE = YES;
				LD_RUNPATH_SEARCH_PATHS = (
					"$(inherited)",
					"@executable_path/../Frameworks",
					"@loader_path/../Frameworks",
				);
				MACOSX_DEPLOYMENT_TARGET = 11.3;
				MARKETING_VERSION = 1.0;
				PRODUCT_BUNDLE_IDENTIFIER = "d.Tests-macOS";
				PRODUCT_NAME = "$(TARGET_NAME)";
				SDKROOT = macosx;
				SWIFT_EMIT_LOC_STRINGS = NO;
				SWIFT_VERSION = 5.0;
				TEST_TARGET_NAME = "Demo (macOS)";
			};
			name = Release;
		};
/* End XCBuildConfiguration section */

/* Begin XCConfigurationList section */
		5CB3179727162F1700A8919B /* Build configuration list for PBXProject "Demo" */ = {
			isa = XCConfigurationList;
			buildConfigurations = (
				5CB317C727162F1900A8919B /* Debug */,
				5CB317C827162F1900A8919B /* Release */,
			);
			defaultConfigurationIsVisible = 0;
			defaultConfigurationName = Release;
		};
		5CB317C927162F1900A8919B /* Build configuration list for PBXNativeTarget "Demo (iOS)" */ = {
			isa = XCConfigurationList;
			buildConfigurations = (
				5CB317CA27162F1900A8919B /* Debug */,
				5CB317CB27162F1900A8919B /* Release */,
			);
			defaultConfigurationIsVisible = 0;
			defaultConfigurationName = Release;
		};
		5CB317CC27162F1900A8919B /* Build configuration list for PBXNativeTarget "Demo (macOS)" */ = {
			isa = XCConfigurationList;
			buildConfigurations = (
				5CB317CD27162F1900A8919B /* Debug */,
				5CB317CE27162F1900A8919B /* Release */,
			);
			defaultConfigurationIsVisible = 0;
			defaultConfigurationName = Release;
		};
		5CB317CF27162F1900A8919B /* Build configuration list for PBXNativeTarget "Tests iOS" */ = {
			isa = XCConfigurationList;
			buildConfigurations = (
				5CB317D027162F1900A8919B /* Debug */,
				5CB317D127162F1900A8919B /* Release */,
			);
			defaultConfigurationIsVisible = 0;
			defaultConfigurationName = Release;
		};
		5CB317D227162F1900A8919B /* Build configuration list for PBXNativeTarget "Tests macOS" */ = {
			isa = XCConfigurationList;
			buildConfigurations = (
				5CB317D327162F1900A8919B /* Debug */,
				5CB317D427162F1900A8919B /* Release */,
			);
			defaultConfigurationIsVisible = 0;
			defaultConfigurationName = Release;
		};
/* End XCConfigurationList section */
	};
	rootObject = 5CB3179427162F1700A8919B /* Project object */;
}
